
Microsoft Visual Studio Solution File, Format Version 12.00
# Visual Studio Version 17
VisualStudioVersion = 17.1.32210.238
MinimumVisualStudioVersion = 10.0.40219.1
Project("{FAE04EC0-301F-11D3-BF4B-00C04F79EFBC}") = "BeFit3", "BeFit3\BeFit3.csproj", "{194FBFE9-891C-479B-9920-83C0DA96E01F}"
EndProject
Global
	GlobalSection(SolutionConfigurationPlatforms) = preSolution
		Debug|Any CPU = Debug|Any CPU
		Release|Any CPU = Release|Any CPU
	EndGlobalSection
	GlobalSection(ProjectConfigurationPlatforms) = postSolution
		{194FBFE9-891C-479B-9920-83C0DA96E01F}.Debug|Any CPU.ActiveCfg = Debug|Any CPU
		{194FBFE9-891C-479B-9920-83C0DA96E01F}.Debug|Any CPU.Build.0 = Debug|Any CPU
		{194FBFE9-891C-479B-9920-83C0DA96E01F}.Release|Any CPU.ActiveCfg = Release|Any CPU
		{194FBFE9-891C-479B-9920-83C0DA96E01F}.Release|Any CPU.Build.0 = Release|Any CPU
	EndGlobalSection
	GlobalSection(SolutionProperties) = preSolution
		HideSolutionNode = FALSE
	EndGlobalSection
	GlobalSection(ExtensibilityGlobals) = postSolution
		SolutionGuid = {6DF6CF40-A74E-49A8-B729-5683EE3A6F30}
	EndGlobalSection
EndGlobal
