
Microsoft Visual Studio Solution File, Format Version 12.00
# Visual Studio Version 17
VisualStudioVersion = 17.1.32210.238
MinimumVisualStudioVersion = 10.0.40219.1
Project("{FAE04EC0-301F-11D3-BF4B-00C04F79EFBC}") = "BeFit4", "BeFit4\BeFit4.csproj", "{15727030-C0AA-4B7D-91FA-DBF31B26CD9B}"
EndProject
Global
	GlobalSection(SolutionConfigurationPlatforms) = preSolution
		Debug|Any CPU = Debug|Any CPU
		Release|Any CPU = Release|Any CPU
	EndGlobalSection
	GlobalSection(ProjectConfigurationPlatforms) = postSolution
		{15727030-C0AA-4B7D-91FA-DBF31B26CD9B}.Debug|Any CPU.ActiveCfg = Debug|Any CPU
		{15727030-C0AA-4B7D-91FA-DBF31B26CD9B}.Debug|Any CPU.Build.0 = Debug|Any CPU
		{15727030-C0AA-4B7D-91FA-DBF31B26CD9B}.Release|Any CPU.ActiveCfg = Release|Any CPU
		{15727030-C0AA-4B7D-91FA-DBF31B26CD9B}.Release|Any CPU.Build.0 = Release|Any CPU
	EndGlobalSection
	GlobalSection(SolutionProperties) = preSolution
		HideSolutionNode = FALSE
	EndGlobalSection
	GlobalSection(ExtensibilityGlobals) = postSolution
		SolutionGuid = {CF428385-01D3-4F55-9218-ACB6291AD2F3}
	EndGlobalSection
EndGlobal
